{
  "name": "wheel-part-rust",
  "version": "1.0.0",
  "lockfileVersion": 3,
  "requires": true,
  "packages": {
    "": {
      "name": "wheel-part-rust",
      "version": "1.0.0",
      "license": "MIT",
      "devDependencies": {
        "@wasmer/wasi": "^1.2.2"
      }
    },
    "node_modules/@wasmer/wasi": {
      "version": "1.2.2",
      "resolved": "https://registry.npmjs.org/@wasmer/wasi/-/wasi-1.2.2.tgz",
      "integrity": "sha512-39ZB3gefOVhBmkhf7Ta79RRSV/emIV8LhdvcWhP/MOZEjMmtzoZWMzt7phdKj8CUXOze+AwbvGK60lKaKldn1w==",
      "dev": true
    }
  }
}
